schema: '2.0'
stages:
  get-data:
    cmd: python src/get_data.py --output_folder data
    deps:
    - path: src/get_data.py
      md5: fa4ba886863eeac13b30beafe9130914
      size: 1688
    params:
      params.yaml:
        labels:
        - Comida
        - Hobby
        - Libro
        repo: daavoo/data-source-pyday-bcn-2021
        since: 2021/1/1
        state: open
        until: 2021/11/28
    outs:
    - path: data
      md5: b44385ab179fca2f94480b9a22eab226.dir
      size: 22195
      nfiles: 30
  data-metrics:
    cmd: python src/compute_metrics.py --input_folder data --output_metrics_file data.json
    deps:
    - path: data
      md5: b44385ab179fca2f94480b9a22eab226.dir
      size: 22195
      nfiles: 30
    - path: src/compute_metrics.py
      md5: 9671e9a9acd295ae91e2fbafb2623d6e
      size: 538
    outs:
    - path: data.json
      md5: 84a349b054b0870af5f899744a8fec21
      size: 54
